
Microsoft Visual Studio Solution File, Format Version 12.00
# Visual Studio Version 16
VisualStudioVersion = 16.0.30320.27
MinimumVisualStudioVersion = 10.0.40219.1
Project("{FAE04EC0-301F-11D3-BF4B-00C04F79EFBC}") = "Loja.UI", "Loja\Loja.UI.csproj", "{583FA61F-A81D-4A26-99EA-6030A56EE7AB}"
EndProject
Project("{FAE04EC0-301F-11D3-BF4B-00C04F79EFBC}") = "Loja.BLL", "Loja.BLL\Loja.BLL.csproj", "{668CD99C-502C-4688-9D4D-12C00A8AE005}"
EndProject
Project("{FAE04EC0-301F-11D3-BF4B-00C04F79EFBC}") = "Loja.DTO", "Loja.DTO\Loja.DTO.csproj", "{E373A52B-8274-4358-866B-903792803470}"
EndProject
Project("{FAE04EC0-301F-11D3-BF4B-00C04F79EFBC}") = "Loja.DAL", "Loja.DAL\Loja.DAL.csproj", "{C4E020A9-94A9-4306-99A1-64AFF3C67A1F}"
EndProject
Global
	GlobalSection(SolutionConfigurationPlatforms) = preSolution
		Debug|Any CPU = Debug|Any CPU
		Release|Any CPU = Release|Any CPU
	EndGlobalSection
	GlobalSection(ProjectConfigurationPlatforms) = postSolution
		{583FA61F-A81D-4A26-99EA-6030A56EE7AB}.Debug|Any CPU.ActiveCfg = Debug|Any CPU
		{583FA61F-A81D-4A26-99EA-6030A56EE7AB}.Debug|Any CPU.Build.0 = Debug|Any CPU
		{583FA61F-A81D-4A26-99EA-6030A56EE7AB}.Release|Any CPU.ActiveCfg = Release|Any CPU
		{583FA61F-A81D-4A26-99EA-6030A56EE7AB}.Release|Any CPU.Build.0 = Release|Any CPU
		{668CD99C-502C-4688-9D4D-12C00A8AE005}.Debug|Any CPU.ActiveCfg = Debug|Any CPU
		{668CD99C-502C-4688-9D4D-12C00A8AE005}.Debug|Any CPU.Build.0 = Debug|Any CPU
		{668CD99C-502C-4688-9D4D-12C00A8AE005}.Release|Any CPU.ActiveCfg = Release|Any CPU
		{668CD99C-502C-4688-9D4D-12C00A8AE005}.Release|Any CPU.Build.0 = Release|Any CPU
		{E373A52B-8274-4358-866B-903792803470}.Debug|Any CPU.ActiveCfg = Debug|Any CPU
		{E373A52B-8274-4358-866B-903792803470}.Debug|Any CPU.Build.0 = Debug|Any CPU
		{E373A52B-8274-4358-866B-903792803470}.Release|Any CPU.ActiveCfg = Release|Any CPU
		{E373A52B-8274-4358-866B-903792803470}.Release|Any CPU.Build.0 = Release|Any CPU
		{C4E020A9-94A9-4306-99A1-64AFF3C67A1F}.Debug|Any CPU.ActiveCfg = Debug|Any CPU
		{C4E020A9-94A9-4306-99A1-64AFF3C67A1F}.Debug|Any CPU.Build.0 = Debug|Any CPU
		{C4E020A9-94A9-4306-99A1-64AFF3C67A1F}.Release|Any CPU.ActiveCfg = Release|Any CPU
		{C4E020A9-94A9-4306-99A1-64AFF3C67A1F}.Release|Any CPU.Build.0 = Release|Any CPU
	EndGlobalSection
	GlobalSection(SolutionProperties) = preSolution
		HideSolutionNode = FALSE
	EndGlobalSection
	GlobalSection(ExtensibilityGlobals) = postSolution
		SolutionGuid = {7A29B829-A13E-4AD8-A05E-751FDAA36D62}
	EndGlobalSection
EndGlobal
